{
  "version": 4,
  "terraform_version": "1.11.4",
  "serial": 9,
  "lineage": "4102eca7-e67e-eba9-7357-036bc7dc1238",
  "outputs": {},
  "resources": [
    {
      "mode": "managed",
      "type": "azurerm_resource_group",
      "name": "main",
      "provider": "provider[\"registry.terraform.io/hashicorp/azurerm\"]",
      "instances": [
        {
          "index_key": 0,
          "schema_version": 0,
          "attributes": {
            "id": "/subscriptions/b96270e2-9178-42ca-91c1-85b59fd3be55/resourceGroups/nginx-app-dev-rg",
            "location": "eastus",
            "managed_by": "",
            "name": "nginx-app-dev-rg",
            "tags": {
              "Environment": "dev",
              "ManagedBy": "Terraform",
              "Project": "nginx-app"
            },
            "timeouts": null
          },
          "sensitive_attributes": [],
          "private": "eyJlMmJmYjczMC1lY2FhLTExZTYtOGY4OC0zNDM2M2JjN2M0YzAiOnsiY3JlYXRlIjo1NDAwMDAwMDAwMDAwLCJkZWxldGUiOjU0MDAwMDAwMDAwMDAsInJlYWQiOjMwMDAwMDAwMDAwMCwidXBkYXRlIjo1NDAwMDAwMDAwMDAwfX0="
        }
      ]
    },
    {
      "module": "module.compute[0]",
      "mode": "managed",
      "type": "azurerm_linux_virtual_machine",
      "name": "main",
      "provider": "provider[\"registry.terraform.io/hashicorp/azurerm\"]",
      "instances": [
        {
          "index_key": 0,
          "schema_version": 0,
          "attributes": {
            "additional_capabilities": [],
            "admin_password": null,
            "admin_ssh_key": [
              {
                "public_key": "ssh-rsa AAAAB3NzaC1yc2EAAAADAQABAAACAQCs03OqWixRNk+Yioo5NwYY1sXADDJbxs+ngl5ZDcaAtmfI5BdQNJCOGqlE0O6nB+iHk5jedmoaih6kMDQu0R/1b8dufdMAUfwvi/pMlKVzCPu921YUBkPeXjlY1Nrdza0juTRq3Qf72OdO3jxcrdGk285nfRnc1QnRIIf4r/k1QyEhAmyFvJ1fJsmGyBoYSeLQXy/jnuXr0r+FuYRSxqYVPZj4CMZT+bO2Sr2g49/tIFT+YnhEiyyqnwRTEzjpUJr++FJgfGMRgD+6T4AmInSAY/S8fAu/BjxwAtCIiB6IzscQ7lQgwumewRm+m4uAhPI+M9scRZfF92xF6zuRqmkYfWTiNw7e2SGeBICDAQo4TV8ZmDszwREayOFOGLxkh6dtmMNrwJj2eq8ZIHu4bja2/1Zrjel91nhuFkzMkbrhFl5JzHn0B59jHSzKHvPWkm4AyD9kC46SKLRTkEvOBUJnPI21gq06offmlRRSs1LUdBTNfDDXKcQgs/z03YJhhPZXdVgKZGjgZeTGDUCOFrTufDvP2AyfKwItj45KIYxEY3tY4fW73fP7sIeSUjFDKxZFy6XD7b0anfKe9vXAl33Rwmkfingr8QVvY8v4PU6z5ruMWY6f/g9TQqshkC8gnvt4O+k4vzrA/VUNwUdO1Bkq4exbB/t6YWLI/H4BHQTTpw== aditya@aditya",
                "username": "azureuser"
              }
            ],
            "admin_username": "azureuser",
            "allow_extension_operations": true,
            "availability_set_id": "",
            "boot_diagnostics": [],
            "bypass_platform_safety_checks_on_user_schedule_enabled": false,
            "capacity_reservation_group_id": "",
            "computer_name": "dev-vm-1",
            "custom_data": "I2Nsb3VkLWNvbmZpZwpwYWNrYWdlX3VwZGF0ZTogdHJ1ZQpwYWNrYWdlX3VwZ3JhZGU6IHRydWUKCnBhY2thZ2VzOgogIC0gZG9ja2VyLmlvCiAgLSBkb2NrZXItY29tcG9zZQogIC0gZ2l0CiAgLSBjdXJsCgpydW5jbWQ6CiAgIyBTdGFydCBhbmQgZW5hYmxlIERvY2tlcgogIC0gc3lzdGVtY3RsIHN0YXJ0IGRvY2tlcgogIC0gc3lzdGVtY3RsIGVuYWJsZSBkb2NrZXIKICAKICAjIEFkZCBhenVyZXVzZXIgdG8gZG9ja2VyIGdyb3VwCiAgLSB1c2VybW9kIC1hRyBkb2NrZXIgYXp1cmV1c2VyCiAgCiAgIyBDcmVhdGUgZGlyZWN0b3J5IGZvciBOR0lOWCBjb25maWd1cmF0aW9uCiAgLSBta2RpciAtcCAvb3B0L25naW54LWFwcAogIC0gbWtkaXIgLXAgL29wdC9uZ2lueC1hcHAvY2VydHMKICAtIG1rZGlyIC1wIC9vcHQvbmdpbngtYXBwL2NvbmYKICAKICAjIEdlbmVyYXRlIHNlbGYtc2lnbmVkIFNTTCBjZXJ0aWZpY2F0ZQogIC0gfAogICAgb3BlbnNzbCByZXEgLXg1MDkgLW5vZGVzIC1kYXlzIDM2NSAtbmV3a2V5IHJzYToyMDQ4IFwKICAgICAgLWtleW91dCAvb3B0L25naW54LWFwcC9jZXJ0cy9rZXkucGVtIFwKICAgICAgLW91dCAvb3B0L25naW54LWFwcC9jZXJ0cy9jZXJ0LnBlbSBcCiAgICAgIC1zdWJqICIvQz1VUy9TVD1TdGF0ZS9MPUNpdHkvTz1Pcmdhbml6YXRpb24vQ049ZGV2LmV4YW1wbGUuY29tIgogIAogICMgQ3JlYXRlIE5HSU5YIGNvbmZpZ3VyYXRpb24KICAtIHwKICAgIGNhdCA+IC9vcHQvbmdpbngtYXBwL2NvbmYvbmdpbnguY29uZiA8PCdFT0YnCiAgICB1c2VyIG5naW54OwogICAgd29ya2VyX3Byb2Nlc3NlcyBhdXRvOwogICAgZXJyb3JfbG9nIC92YXIvbG9nL25naW54L2Vycm9yLmxvZzsKICAgIHBpZCAvcnVuL25naW54LnBpZDsKCiAgICBldmVudHMgewogICAgICAgIHdvcmtlcl9jb25uZWN0aW9ucyAxMDI0OwogICAgfQoKICAgIGh0dHAgewogICAgICAgIGxvZ19mb3JtYXQgbWFpbiAnJHJlbW90ZV9hZGRyIC0gJHJlbW90ZV91c2VyIFskdGltZV9sb2NhbF0gIiRyZXF1ZXN0IiAnCiAgICAgICAgICAgICAgICAgICAgICAgICckc3RhdHVzICRib2R5X2J5dGVzX3NlbnQgIiRodHRwX3JlZmVyZXIiICcKICAgICAgICAgICAgICAgICAgICAgICAgJyIkaHR0cF91c2VyX2FnZW50IiAiJGh0dHBfeF9mb3J3YXJkZWRfZm9yIic7CgogICAgICAgIGFjY2Vzc19sb2cgL3Zhci9sb2cvbmdpbngvYWNjZXNzLmxvZyBtYWluOwoKICAgICAgICBzZW5kZmlsZSAgICAgICAgICAgIG9uOwogICAgICAgIHRjcF9ub3B1c2ggICAgICAgICAgb247CiAgICAgICAgdGNwX25vZGVsYXkgICAgICAgICBvbjsKICAgICAgICBrZWVwYWxpdmVfdGltZW91dCAgIDY1OwogICAgICAgIHR5cGVzX2hhc2hfbWF4X3NpemUgMjA0ODsKCiAgICAgICAgaW5jbHVkZSAgICAgICAgICAgICAvZXRjL25naW54L21pbWUudHlwZXM7CiAgICAgICAgZGVmYXVsdF90eXBlICAgICAgICBhcHBsaWNhdGlvbi9vY3RldC1zdHJlYW07CgogICAgICAgICMgUmVkaXJlY3QgSFRUUCB0byBIVFRQUwogICAgICAgIHNlcnZlciB7CiAgICAgICAgICAgIGxpc3RlbiA4MDsKICAgICAgICAgICAgc2VydmVyX25hbWUgXzsKICAgICAgICAgICAgcmV0dXJuIDMwMSBodHRwczovLyRob3N0JHJlcXVlc3RfdXJpOwogICAgICAgIH0KCiAgICAgICAgIyBIVFRQUyBTZXJ2ZXIKICAgICAgICBzZXJ2ZXIgewogICAgICAgICAgICBsaXN0ZW4gNDQzIHNzbDsKICAgICAgICAgICAgc2VydmVyX25hbWUgXzsKCiAgICAgICAgICAgIHNzbF9jZXJ0aWZpY2F0ZSAvZXRjL25naW54L2NlcnRzL2NlcnQucGVtOwogICAgICAgICAgICBzc2xfY2VydGlmaWNhdGVfa2V5IC9ldGMvbmdpbngvY2VydHMva2V5LnBlbTsKICAgICAgICAgICAgc3NsX3Byb3RvY29scyBUTFN2MS4yIFRMU3YxLjM7CiAgICAgICAgICAgIHNzbF9jaXBoZXJzIEhJR0g6IWFOVUxMOiFNRDU7CgogICAgICAgICAgICBsb2NhdGlvbiAvIHsKICAgICAgICAgICAgICAgIHJvb3QgICAvdXNyL3NoYXJlL25naW54L2h0bWw7CiAgICAgICAgICAgICAgICBpbmRleCAgaW5kZXguaHRtbCBpbmRleC5odG07CiAgICAgICAgICAgIH0KCiAgICAgICAgICAgIGxvY2F0aW9uIC9oZWFsdGggewogICAgICAgICAgICAgICAgYWNjZXNzX2xvZyBvZmY7CiAgICAgICAgICAgICAgICByZXR1cm4gMjAwICJoZWFsdGh5XG4iOwogICAgICAgICAgICAgICAgYWRkX2hlYWRlciBDb250ZW50LVR5cGUgdGV4dC9wbGFpbjsKICAgICAgICAgICAgfQoKICAgICAgICAgICAgZXJyb3JfcGFnZSA0MDQgLzQwNC5odG1sOwogICAgICAgICAgICBsb2NhdGlvbiA9IC80MDQuaHRtbCB7CiAgICAgICAgICAgICAgICByb290IC91c3Ivc2hhcmUvbmdpbngvaHRtbDsKICAgICAgICAgICAgfQoKICAgICAgICAgICAgZXJyb3JfcGFnZSA1MDAgNTAyIDUwMyA1MDQgLzUweC5odG1sOwogICAgICAgICAgICBsb2NhdGlvbiA9IC81MHguaHRtbCB7CiAgICAgICAgICAgICAgICByb290IC91c3Ivc2hhcmUvbmdpbngvaHRtbDsKICAgICAgICAgICAgfQogICAgICAgIH0KICAgIH0KICAgIEVPRgogIAogICMgQ3JlYXRlIGluZGV4Lmh0bWwKICAtIHwKICAgIGNhdCA+IC9vcHQvbmdpbngtYXBwL2luZGV4Lmh0bWwgPDwnRU9GJwogICAgPCFET0NUWVBFIGh0bWw+CiAgICA8aHRtbCBsYW5nPSJlbiI+CiAgICA8aGVhZD4KICAgICAgICA8bWV0YSBjaGFyc2V0PSJVVEYtOCI+CiAgICAgICAgPG1ldGEgbmFtZT0idmlld3BvcnQiIGNvbnRlbnQ9IndpZHRoPWRldmljZS13aWR0aCwgaW5pdGlhbC1zY2FsZT0xLjAiPgogICAgICAgIDx0aXRsZT5OR0lOWCBTZXJ2ZXIgLSBkZXY8L3RpdGxlPgogICAgICAgIDxzdHlsZT4KICAgICAgICAgICAgYm9keSB7CiAgICAgICAgICAgICAgICBmb250LWZhbWlseTogJ1NlZ29lIFVJJywgVGFob21hLCBHZW5ldmEsIFZlcmRhbmEsIHNhbnMtc2VyaWY7CiAgICAgICAgICAgICAgICBiYWNrZ3JvdW5kOiBsaW5lYXItZ3JhZGllbnQoMTM1ZGVnLCAjNjY3ZWVhIDAlLCAjNzY0YmEyIDEwMCUpOwogICAgICAgICAgICAgICAgZGlzcGxheTogZmxleDsKICAgICAgICAgICAgICAgIGp1c3RpZnktY29udGVudDogY2VudGVyOwogICAgICAgICAgICAgICAgYWxpZ24taXRlbXM6IGNlbnRlcjsKICAgICAgICAgICAgICAgIGhlaWdodDogMTAwdmg7CiAgICAgICAgICAgICAgICBtYXJnaW46IDA7CiAgICAgICAgICAgIH0KICAgICAgICAgICAgLmNvbnRhaW5lciB7CiAgICAgICAgICAgICAgICBiYWNrZ3JvdW5kOiB3aGl0ZTsKICAgICAgICAgICAgICAgIHBhZGRpbmc6IDNyZW07CiAgICAgICAgICAgICAgICBib3JkZXItcmFkaXVzOiAxMHB4OwogICAgICAgICAgICAgICAgYm94LXNoYWRvdzogMCAxMHB4IDQwcHggcmdiYSgwLDAsMCwwLjIpOwogICAgICAgICAgICAgICAgdGV4dC1hbGlnbjogY2VudGVyOwogICAgICAgICAgICB9CiAgICAgICAgICAgIGgxIHsKICAgICAgICAgICAgICAgIGNvbG9yOiAjNjY3ZWVhOwogICAgICAgICAgICAgICAgbWFyZ2luLWJvdHRvbTogMXJlbTsKICAgICAgICAgICAgfQogICAgICAgICAgICAuYmFkZ2UgewogICAgICAgICAgICAgICAgZGlzcGxheTogaW5saW5lLWJsb2NrOwogICAgICAgICAgICAgICAgYmFja2dyb3VuZDogIzY2N2VlYTsKICAgICAgICAgICAgICAgIGNvbG9yOiB3aGl0ZTsKICAgICAgICAgICAgICAgIHBhZGRpbmc6IDAuNXJlbSAxcmVtOwogICAgICAgICAgICAgICAgYm9yZGVyLXJhZGl1czogNXB4OwogICAgICAgICAgICAgICAgZm9udC13ZWlnaHQ6IGJvbGQ7CiAgICAgICAgICAgIH0KICAgICAgICAgICAgLmluZm8gewogICAgICAgICAgICAgICAgbWFyZ2luLXRvcDogMnJlbTsKICAgICAgICAgICAgICAgIGNvbG9yOiAjNjY2OwogICAgICAgICAgICB9CiAgICAgICAgPC9zdHlsZT4KICAgIDwvaGVhZD4KICAgIDxib2R5PgogICAgICAgIDxkaXYgY2xhc3M9ImNvbnRhaW5lciI+CiAgICAgICAgICAgIDxoMT7wn5qAIE5HSU5YIFNlcnZlciBSdW5uaW5nPC9oMT4KICAgICAgICAgICAgPGRpdiBjbGFzcz0iYmFkZ2UiPkVudmlyb25tZW50OiBkZXY8L2Rpdj4KICAgICAgICAgICAgPGRpdiBjbGFzcz0iaW5mbyI+CiAgICAgICAgICAgICAgICA8cD7inIUgSFRUUFMgRW5hYmxlZDwvcD4KICAgICAgICAgICAgICAgIDxwPuKchSBEb2NrZXIgQ29udGFpbmVyaXplZDwvcD4KICAgICAgICAgICAgICAgIDxwPuKchSBBenVyZSBBcHBsaWNhdGlvbiBHYXRld2F5PC9wPgogICAgICAgICAgICA8L2Rpdj4KICAgICAgICA8L2Rpdj4KICAgIDwvYm9keT4KICAgIDwvaHRtbD4KICAgIEVPRgogIAogICMgQ3JlYXRlIERvY2tlcmZpbGUKICAtIHwKICAgIGNhdCA+IC9vcHQvbmdpbngtYXBwL0RvY2tlcmZpbGUgPDwnRU9GJwogICAgRlJPTSBuZ2lueDphbHBpbmUKCiAgICAjIENvcHkgU1NMIGNlcnRpZmljYXRlcwogICAgQ09QWSBjZXJ0cy8gL2V0Yy9uZ2lueC9jZXJ0cy8KCiAgICAjIENvcHkgTkdJTlggY29uZmlndXJhdGlvbgogICAgQ09QWSBjb25mL25naW54LmNvbmYgL2V0Yy9uZ2lueC9uZ2lueC5jb25mCgogICAgIyBDb3B5IHdlYiBjb250ZW50CiAgICBDT1BZIGluZGV4Lmh0bWwgL3Vzci9zaGFyZS9uZ2lueC9odG1sLwoKICAgICMgRXhwb3NlIHBvcnRzCiAgICBFWFBPU0UgODAgNDQzCgogICAgQ01EIFsibmdpbngiLCAiLWciLCAiZGFlbW9uIG9mZjsiXQogICAgRU9GCiAgCiAgIyBCdWlsZCBhbmQgcnVuIERvY2tlciBjb250YWluZXIKICAtIGNkIC9vcHQvbmdpbngtYXBwCiAgLSBkb2NrZXIgYnVpbGQgLXQgbmdpbngtc3NsOmxhdGVzdCAuCiAgLSBkb2NrZXIgcnVuIC1kIC0tbmFtZSBuZ2lueC1hcHAgLS1yZXN0YXJ0IGFsd2F5cyAtcCA4MDo4MCAtcCA0NDM6NDQzIG5naW54LXNzbDpsYXRlc3QKICAKICAjIFNldCB1cCBsb2cgcm90YXRpb24KICAtIHwKICAgIGNhdCA+IC9ldGMvbG9ncm90YXRlLmQvbmdpbngtZG9ja2VyIDw8J0VPRicKICAgIC92YXIvbGliL2RvY2tlci9jb250YWluZXJzLyovKi5sb2cgewogICAgICAgIHJvdGF0ZSA3CiAgICAgICAgZGFpbHkKICAgICAgICBjb21wcmVzcwogICAgICAgIGRlbGF5Y29tcHJlc3MKICAgICAgICBtaXNzaW5nb2sKICAgICAgICBub3RpZmVtcHR5CiAgICAgICAgY29weXRydW5jYXRlCiAgICB9CiAgICBFT0YKCndyaXRlX2ZpbGVzOgogIC0gcGF0aDogL2V0Yy9zeXN0ZW1kL3N5c3RlbS9uZ2lueC1hcHAuc2VydmljZQogICAgY29udGVudDogfAogICAgICBbVW5pdF0KICAgICAgRGVzY3JpcHRpb249TkdJTlggRG9ja2VyIENvbnRhaW5lcgogICAgICBBZnRlcj1kb2NrZXIuc2VydmljZQogICAgICBSZXF1aXJlcz1kb2NrZXIuc2VydmljZQoKICAgICAgW1NlcnZpY2VdCiAgICAgIFRpbWVvdXRTdGFydFNlYz0wCiAgICAgIFJlc3RhcnQ9YWx3YXlzCiAgICAgIEV4ZWNTdGFydFByZT0tL3Vzci9iaW4vZG9ja2VyIHN0b3AgbmdpbngtYXBwCiAgICAgIEV4ZWNTdGFydFByZT0tL3Vzci9iaW4vZG9ja2VyIHJtIG5naW54LWFwcAogICAgICBFeGVjU3RhcnQ9L3Vzci9iaW4vZG9ja2VyIHJ1biAtLW5hbWUgbmdpbngtYXBwIC1wIDgwOjgwIC1wIDQ0Mzo0NDMgbmdpbngtc3NsOmxhdGVzdAogICAgICBFeGVjU3RvcD0vdXNyL2Jpbi9kb2NrZXIgc3RvcCBuZ2lueC1hcHAKCiAgICAgIFtJbnN0YWxsXQogICAgICBXYW50ZWRCeT1tdWx0aS11c2VyLnRhcmdldAoKZmluYWxfbWVzc2FnZTogIk5HSU5YIERvY2tlciBjb250YWluZXIgc2V0dXAgY29tcGxldGUhIgo=",
            "dedicated_host_group_id": "",
            "dedicated_host_id": "",
            "disable_password_authentication": true,
            "disk_controller_type": "SCSI",
            "edge_zone": "",
            "encryption_at_host_enabled": false,
            "eviction_policy": "",
            "extensions_time_budget": "PT1H30M",
            "gallery_application": [],
            "id": "/subscriptions/b96270e2-9178-42ca-91c1-85b59fd3be55/resourceGroups/nginx-app-dev-rg/providers/Microsoft.Compute/virtualMachines/dev-vm-1",
            "identity": [],
            "license_type": "",
            "location": "eastus",
            "max_bid_price": -1,
            "name": "dev-vm-1",
            "network_interface_ids": [
              "/subscriptions/b96270e2-9178-42ca-91c1-85b59fd3be55/resourceGroups/nginx-app-dev-rg/providers/Microsoft.Network/networkInterfaces/dev-vm-nic-1"
            ],
            "os_disk": [
              {
                "caching": "ReadWrite",
                "diff_disk_settings": [],
                "disk_encryption_set_id": "",
                "disk_size_gb": 30,
                "name": "dev-vm-osdisk-1",
                "secure_vm_disk_encryption_set_id": "",
                "security_encryption_type": "",
                "storage_account_type": "Premium_LRS",
                "write_accelerator_enabled": false
              }
            ],
            "os_image_notification": [],
            "patch_assessment_mode": "ImageDefault",
            "patch_mode": "ImageDefault",
            "plan": [],
            "platform_fault_domain": -1,
            "priority": "Regular",
            "private_ip_address": "10.0.2.4",
            "private_ip_addresses": [
              "10.0.2.4"
            ],
            "provision_vm_agent": true,
            "proximity_placement_group_id": "",
            "public_ip_address": "",
            "public_ip_addresses": [],
            "reboot_setting": "",
            "resource_group_name": "nginx-app-dev-rg",
            "secret": [],
            "secure_boot_enabled": false,
            "size": "Standard_D2s_v3",
            "source_image_id": "",
            "source_image_reference": [
              {
                "offer": "0001-com-ubuntu-server-jammy",
                "publisher": "Canonical",
                "sku": "22_04-lts-gen2",
                "version": "latest"
              }
            ],
            "tags": {
              "Environment": "dev",
              "ManagedBy": "Terraform",
              "Role": "WebServer"
            },
            "termination_notification": [],
            "timeouts": null,
            "user_data": "",
            "virtual_machine_id": "04f36ec3-549b-4822-bbbf-ee9527074d66",
            "virtual_machine_scale_set_id": "",
            "vm_agent_platform_updates_enabled": false,
            "vtpm_enabled": false,
            "zone": ""
          },
          "sensitive_attributes": [
            [
              {
                "type": "get_attr",
                "value": "custom_data"
              }
            ],
            [
              {
                "type": "get_attr",
                "value": "admin_password"
              }
            ]
          ],
          "private": "eyJlMmJmYjczMC1lY2FhLTExZTYtOGY4OC0zNDM2M2JjN2M0YzAiOnsiY3JlYXRlIjoyNzAwMDAwMDAwMDAwLCJkZWxldGUiOjI3MDAwMDAwMDAwMDAsInJlYWQiOjMwMDAwMDAwMDAwMCwidXBkYXRlIjoyNzAwMDAwMDAwMDAwfX0=",
          "dependencies": [
            "azurerm_resource_group.main",
            "module.compute.azurerm_network_interface.main",
            "module.networking.azurerm_nat_gateway.main",
            "module.networking.azurerm_nat_gateway_public_ip_association.main",
            "module.networking.azurerm_network_security_group.main",
            "module.networking.azurerm_public_ip.nat",
            "module.networking.azurerm_subnet.private",
            "module.networking.azurerm_subnet.public",
            "module.networking.azurerm_subnet_nat_gateway_association.main",
            "module.networking.azurerm_subnet_network_security_group_association.private",
            "module.networking.azurerm_virtual_network.main"
          ]
        }
      ]
    },
    {
      "module": "module.compute[0]",
      "mode": "managed",
      "type": "azurerm_network_interface",
      "name": "main",
      "provider": "provider[\"registry.terraform.io/hashicorp/azurerm\"]",
      "instances": [
        {
          "index_key": 0,
          "schema_version": 0,
          "attributes": {
            "accelerated_networking_enabled": false,
            "applied_dns_servers": [],
            "auxiliary_mode": "",
            "auxiliary_sku": "",
            "dns_servers": [],
            "edge_zone": "",
            "enable_accelerated_networking": false,
            "enable_ip_forwarding": false,
            "id": "/subscriptions/b96270e2-9178-42ca-91c1-85b59fd3be55/resourceGroups/nginx-app-dev-rg/providers/Microsoft.Network/networkInterfaces/dev-vm-nic-1",
            "internal_dns_name_label": "",
            "internal_domain_name_suffix": "yut2scdxcraupmpqr3oweha2rf.bx.internal.cloudapp.net",
            "ip_configuration": [
              {
                "gateway_load_balancer_frontend_ip_configuration_id": "",
                "name": "internal",
                "primary": true,
                "private_ip_address": "10.0.2.4",
                "private_ip_address_allocation": "Dynamic",
                "private_ip_address_version": "IPv4",
                "public_ip_address_id": "",
                "subnet_id": "/subscriptions/b96270e2-9178-42ca-91c1-85b59fd3be55/resourceGroups/nginx-app-dev-rg/providers/Microsoft.Network/virtualNetworks/dev-vnet/subnets/dev-private-subnet"
              }
            ],
            "ip_forwarding_enabled": false,
            "location": "eastus",
            "mac_address": "60-45-BD-ED-FE-57",
            "name": "dev-vm-nic-1",
            "private_ip_address": "10.0.2.4",
            "private_ip_addresses": [
              "10.0.2.4"
            ],
            "resource_group_name": "nginx-app-dev-rg",
            "tags": {
              "Environment": "dev",
              "ManagedBy": "Terraform"
            },
            "timeouts": null,
            "virtual_machine_id": "/subscriptions/b96270e2-9178-42ca-91c1-85b59fd3be55/resourceGroups/nginx-app-dev-rg/providers/Microsoft.Compute/virtualMachines/dev-vm-1"
          },
          "sensitive_attributes": [],
          "private": "eyJlMmJmYjczMC1lY2FhLTExZTYtOGY4OC0zNDM2M2JjN2M0YzAiOnsiY3JlYXRlIjoxODAwMDAwMDAwMDAwLCJkZWxldGUiOjE4MDAwMDAwMDAwMDAsInJlYWQiOjMwMDAwMDAwMDAwMCwidXBkYXRlIjoxODAwMDAwMDAwMDAwfX0=",
          "dependencies": [
            "azurerm_resource_group.main",
            "module.networking.azurerm_nat_gateway.main",
            "module.networking.azurerm_nat_gateway_public_ip_association.main",
            "module.networking.azurerm_network_security_group.main",
            "module.networking.azurerm_public_ip.nat",
            "module.networking.azurerm_subnet.private",
            "module.networking.azurerm_subnet.public",
            "module.networking.azurerm_subnet_nat_gateway_association.main",
            "module.networking.azurerm_subnet_network_security_group_association.private",
            "module.networking.azurerm_virtual_network.main"
          ]
        }
      ]
    },
    {
      "module": "module.loadbalancer[0]",
      "mode": "managed",
      "type": "azurerm_application_gateway",
      "name": "main",
      "provider": "provider[\"registry.terraform.io/hashicorp/azurerm\"]",
      "instances": [
        {
          "schema_version": 0,
          "attributes": {
            "authentication_certificate": [],
            "autoscale_configuration": [],
            "backend_address_pool": [
              {
                "fqdns": [],
                "id": "/subscriptions/b96270e2-9178-42ca-91c1-85b59fd3be55/resourceGroups/nginx-app-dev-rg/providers/Microsoft.Network/applicationGateways/dev-appgw/backendAddressPools/nginx-backend-pool",
                "ip_addresses": [
                  "10.0.2.4"
                ],
                "name": "nginx-backend-pool"
              }
            ],
            "backend_http_settings": [
              {
                "affinity_cookie_name": "",
                "authentication_certificate": [],
                "connection_draining": [],
                "cookie_based_affinity": "Disabled",
                "host_name": "",
                "id": "/subscriptions/b96270e2-9178-42ca-91c1-85b59fd3be55/resourceGroups/nginx-app-dev-rg/providers/Microsoft.Network/applicationGateways/dev-appgw/backendHttpSettingsCollection/https-backend-settings",
                "name": "https-backend-settings",
                "path": "",
                "pick_host_name_from_backend_address": false,
                "port": 443,
                "probe_id": "/subscriptions/b96270e2-9178-42ca-91c1-85b59fd3be55/resourceGroups/nginx-app-dev-rg/providers/Microsoft.Network/applicationGateways/dev-appgw/probes/https-health-probe",
                "probe_name": "https-health-probe",
                "protocol": "Https",
                "request_timeout": 60,
                "trusted_root_certificate_names": []
              }
            ],
            "custom_error_configuration": [],
            "enable_http2": false,
            "fips_enabled": false,
            "firewall_policy_id": "",
            "force_firewall_policy_association": false,
            "frontend_ip_configuration": [
              {
                "id": "/subscriptions/b96270e2-9178-42ca-91c1-85b59fd3be55/resourceGroups/nginx-app-dev-rg/providers/Microsoft.Network/applicationGateways/dev-appgw/frontendIPConfigurations/appgw-frontend-ip",
                "name": "appgw-frontend-ip",
                "private_ip_address": "",
                "private_ip_address_allocation": "Dynamic",
                "private_link_configuration_id": "",
                "private_link_configuration_name": "",
                "public_ip_address_id": "/subscriptions/b96270e2-9178-42ca-91c1-85b59fd3be55/resourceGroups/nginx-app-dev-rg/providers/Microsoft.Network/publicIPAddresses/dev-appgw-pip",
                "subnet_id": ""
              }
            ],
            "frontend_port": [
              {
                "id": "/subscriptions/b96270e2-9178-42ca-91c1-85b59fd3be55/resourceGroups/nginx-app-dev-rg/providers/Microsoft.Network/applicationGateways/dev-appgw/frontendPorts/http-port",
                "name": "http-port",
                "port": 80
              },
              {
                "id": "/subscriptions/b96270e2-9178-42ca-91c1-85b59fd3be55/resourceGroups/nginx-app-dev-rg/providers/Microsoft.Network/applicationGateways/dev-appgw/frontendPorts/https-port",
                "name": "https-port",
                "port": 443
              }
            ],
            "gateway_ip_configuration": [
              {
                "id": "/subscriptions/b96270e2-9178-42ca-91c1-85b59fd3be55/resourceGroups/nginx-app-dev-rg/providers/Microsoft.Network/applicationGateways/dev-appgw/gatewayIPConfigurations/appgw-ip-config",
                "name": "appgw-ip-config",
                "subnet_id": "/subscriptions/b96270e2-9178-42ca-91c1-85b59fd3be55/resourceGroups/nginx-app-dev-rg/providers/Microsoft.Network/virtualNetworks/dev-vnet/subnets/dev-public-subnet"
              }
            ],
            "global": [],
            "http_listener": [
              {
                "custom_error_configuration": [],
                "firewall_policy_id": "",
                "frontend_ip_configuration_id": "/subscriptions/b96270e2-9178-42ca-91c1-85b59fd3be55/resourceGroups/nginx-app-dev-rg/providers/Microsoft.Network/applicationGateways/dev-appgw/frontendIPConfigurations/appgw-frontend-ip",
                "frontend_ip_configuration_name": "appgw-frontend-ip",
                "frontend_port_id": "/subscriptions/b96270e2-9178-42ca-91c1-85b59fd3be55/resourceGroups/nginx-app-dev-rg/providers/Microsoft.Network/applicationGateways/dev-appgw/frontendPorts/http-port",
                "frontend_port_name": "http-port",
                "host_name": "",
                "host_names": [],
                "id": "/subscriptions/b96270e2-9178-42ca-91c1-85b59fd3be55/resourceGroups/nginx-app-dev-rg/providers/Microsoft.Network/applicationGateways/dev-appgw/httpListeners/http-listener",
                "name": "http-listener",
                "protocol": "Http",
                "require_sni": false,
                "ssl_certificate_id": "",
                "ssl_certificate_name": "",
                "ssl_profile_id": "",
                "ssl_profile_name": ""
              },
              {
                "custom_error_configuration": [],
                "firewall_policy_id": "",
                "frontend_ip_configuration_id": "/subscriptions/b96270e2-9178-42ca-91c1-85b59fd3be55/resourceGroups/nginx-app-dev-rg/providers/Microsoft.Network/applicationGateways/dev-appgw/frontendIPConfigurations/appgw-frontend-ip",
                "frontend_ip_configuration_name": "appgw-frontend-ip",
                "frontend_port_id": "/subscriptions/b96270e2-9178-42ca-91c1-85b59fd3be55/resourceGroups/nginx-app-dev-rg/providers/Microsoft.Network/applicationGateways/dev-appgw/frontendPorts/https-port",
                "frontend_port_name": "https-port",
                "host_name": "",
                "host_names": [],
                "id": "/subscriptions/b96270e2-9178-42ca-91c1-85b59fd3be55/resourceGroups/nginx-app-dev-rg/providers/Microsoft.Network/applicationGateways/dev-appgw/httpListeners/https-listener",
                "name": "https-listener",
                "protocol": "Https",
                "require_sni": false,
                "ssl_certificate_id": "/subscriptions/b96270e2-9178-42ca-91c1-85b59fd3be55/resourceGroups/nginx-app-dev-rg/providers/Microsoft.Network/applicationGateways/dev-appgw/sslCertificates/dev-ssl-cert",
                "ssl_certificate_name": "dev-ssl-cert",
                "ssl_profile_id": "",
                "ssl_profile_name": ""
              }
            ],
            "id": "/subscriptions/b96270e2-9178-42ca-91c1-85b59fd3be55/resourceGroups/nginx-app-dev-rg/providers/Microsoft.Network/applicationGateways/dev-appgw",
            "identity": [],
            "location": "eastus",
            "name": "dev-appgw",
            "private_endpoint_connection": [],
            "private_link_configuration": [],
            "probe": [
              {
                "host": "127.0.0.1",
                "id": "/subscriptions/b96270e2-9178-42ca-91c1-85b59fd3be55/resourceGroups/nginx-app-dev-rg/providers/Microsoft.Network/applicationGateways/dev-appgw/probes/https-health-probe",
                "interval": 30,
                "match": [
                  {
                    "body": "",
                    "status_code": [
                      "200-399"
                    ]
                  }
                ],
                "minimum_servers": 0,
                "name": "https-health-probe",
                "path": "/health",
                "pick_host_name_from_backend_http_settings": false,
                "port": 0,
                "protocol": "Https",
                "timeout": 30,
                "unhealthy_threshold": 3
              }
            ],
            "redirect_configuration": [
              {
                "id": "/subscriptions/b96270e2-9178-42ca-91c1-85b59fd3be55/resourceGroups/nginx-app-dev-rg/providers/Microsoft.Network/applicationGateways/dev-appgw/redirectConfigurations/http-to-https-redirect",
                "include_path": true,
                "include_query_string": true,
                "name": "http-to-https-redirect",
                "redirect_type": "Permanent",
                "target_listener_id": "/subscriptions/b96270e2-9178-42ca-91c1-85b59fd3be55/resourceGroups/nginx-app-dev-rg/providers/Microsoft.Network/applicationGateways/dev-appgw/httpListeners/https-listener",
                "target_listener_name": "https-listener",
                "target_url": ""
              }
            ],
            "request_routing_rule": [
              {
                "backend_address_pool_id": "",
                "backend_address_pool_name": "",
                "backend_http_settings_id": "",
                "backend_http_settings_name": "",
                "http_listener_id": "/subscriptions/b96270e2-9178-42ca-91c1-85b59fd3be55/resourceGroups/nginx-app-dev-rg/providers/Microsoft.Network/applicationGateways/dev-appgw/httpListeners/http-listener",
                "http_listener_name": "http-listener",
                "id": "/subscriptions/b96270e2-9178-42ca-91c1-85b59fd3be55/resourceGroups/nginx-app-dev-rg/providers/Microsoft.Network/applicationGateways/dev-appgw/requestRoutingRules/http-redirect-rule",
                "name": "http-redirect-rule",
                "priority": 200,
                "redirect_configuration_id": "/subscriptions/b96270e2-9178-42ca-91c1-85b59fd3be55/resourceGroups/nginx-app-dev-rg/providers/Microsoft.Network/applicationGateways/dev-appgw/redirectConfigurations/http-to-https-redirect",
                "redirect_configuration_name": "http-to-https-redirect",
                "rewrite_rule_set_id": "",
                "rewrite_rule_set_name": "",
                "rule_type": "Basic",
                "url_path_map_id": "",
                "url_path_map_name": ""
              },
              {
                "backend_address_pool_id": "/subscriptions/b96270e2-9178-42ca-91c1-85b59fd3be55/resourceGroups/nginx-app-dev-rg/providers/Microsoft.Network/applicationGateways/dev-appgw/backendAddressPools/nginx-backend-pool",
                "backend_address_pool_name": "nginx-backend-pool",
                "backend_http_settings_id": "/subscriptions/b96270e2-9178-42ca-91c1-85b59fd3be55/resourceGroups/nginx-app-dev-rg/providers/Microsoft.Network/applicationGateways/dev-appgw/backendHttpSettingsCollection/https-backend-settings",
                "backend_http_settings_name": "https-backend-settings",
                "http_listener_id": "/subscriptions/b96270e2-9178-42ca-91c1-85b59fd3be55/resourceGroups/nginx-app-dev-rg/providers/Microsoft.Network/applicationGateways/dev-appgw/httpListeners/https-listener",
                "http_listener_name": "https-listener",
                "id": "/subscriptions/b96270e2-9178-42ca-91c1-85b59fd3be55/resourceGroups/nginx-app-dev-rg/providers/Microsoft.Network/applicationGateways/dev-appgw/requestRoutingRules/https-routing-rule",
                "name": "https-routing-rule",
                "priority": 100,
                "redirect_configuration_id": "",
                "redirect_configuration_name": "",
                "rewrite_rule_set_id": "",
                "rewrite_rule_set_name": "",
                "rule_type": "Basic",
                "url_path_map_id": "",
                "url_path_map_name": ""
              }
            ],
            "resource_group_name": "nginx-app-dev-rg",
            "rewrite_rule_set": [],
            "sku": [
              {
                "capacity": 2,
                "name": "Standard_v2",
                "tier": "Standard_v2"
              }
            ],
            "ssl_certificate": [
              {
                "data": "MIIKDwIBAzCCCcUGCSqGSIb3DQEHAaCCCbYEggmyMIIJrjCCBCIGCSqGSIb3DQEHBqCCBBMwggQPAgEAMIIECAYJKoZIhvcNAQcBMFcGCSqGSIb3DQEFDTBKMCkGCSqGSIb3DQEFDDAcBAhu56THCZjvHgICCAAwDAYIKoZIhvcNAgkFADAdBglghkgBZQMEASoEEGQIQvnrtrhTCi68yiwrBjiAggOgiNLv5EBiWZXmQm+Cd4GwZEfG8qUwKfasU7KmHHi1WNWRDN/NLUd9xEZPtIwFEeV5Ko1m9rhFhNksfxoX4ZdZ1BYxVKq762R+5VDUpZ3VpaB742BM6ATSGqpEfpqLTwKy82UG5D3X/pWRDrwNJ0bPjHRfLl2YGARDgyvpbSnlD/i1huRW9b9Umzyjn0ZX4cqYT/kDXmLLsMTcNWrIDLbAb/H/zIcACD41EVXjzgCihZV+ZRxxOE9VCBPs1oAnqSiA+BVi0E4FP6dEvSrHa6bGb5OYqzhOH8uP8voItkcEgTV/IAb7oj0I5LW37iw8cJxZIUBY/eo4JbGuZfEQ4UWIN76K2Q3Rsft9n7flyFBi/0s8CjuXXZ792sxHDJ7rPCrw+qGnt9OBc5aQOH7gF1hnZaCfaw4dFkfMf5A83ZJZOhrGpv0FWd5BH+oX55LpvhOIJeASL6P7jrAbtl2aD36Tu0Ss83hg8QkFzxUfESO77N/5deUbnT3tED5+Gn8d5CPbWqX7Eec2odigJAZOlkqZ9K4dmf/m6NtrkhzE+4gI99mjgpDZfG6wwsG9Ex5S5MtSIb6qXVMr6fRHF0SbAryfBqcnPIsch2qvPm7LP0jxrg3vK1r2qH5FEYw5ceiiSUl8MVniD9zCOye6PY0edLVvbcranGlgcbV1Ecgb5WPbPaCZS3l9JWzKyXr7hhU2qT7EGLgc6VvAZXeWX+ENKKUkQ0x22wRL/clXrO+X0CvOmuz/WFGRJ6ZPv1oxDYBFnZMlGBvjLjJSja2384YyhJqUTN1xhfx5/OY6c4MzbD/BJZFUwTPeH9LK2iMr8juzQGNFO+Dud1+fIow+jEVivsY9msLm2/g57MFlS26wu8JE7TWs2LET8FEYJuaukxhf1Vrf+p3N2Wa9TTrmKMulGd9vVwKBao+kxzZaGWP3D4BlEHzk493lkn8nL/Au9weP3l9OriPYf+PtwDN8lkYVwMPcjfKVysAkSlgvV69SVd4Bz5cpAx22ecJgFEfqx/djeU9+Ob37YGhDh+1tE4bd2HY2vZLqemrSZp2ZiYZgHvrm+ozNz1Nn78rQ4OP4vSmqRNIpYTz9Y2fVlPwHPkVSjDyI7H3RVDGcNFY5PYrqsFi3L7+bCVhYbvjvdNQiYhazQOXppVGyOSBM9SjyGgnNqTc7bNzUK5kmbgrrT78mKXj8OkUC8qxUZ0QQPOEQdrFCvMMiNj9j6Xwvg9fBqNRXhxL1OjCCBYQGCSqGSIb3DQEHAaCCBXUEggVxMIIFbTCCBWkGCyqGSIb3DQEMCgECoIIFMTCCBS0wVwYJKoZIhvcNAQUNMEowKQYJKoZIhvcNAQUMMBwECKUOxfMyC1fdAgIIADAMBggqhkiG9w0CCQUAMB0GCWCGSAFlAwQBKgQQSNDxkuUB7HG/YbGLZg4xPQSCBNDxnXfF/iSE0Tt5pgmMCDPqijTxW2hOcvJgFO2ZudZcTE1r0rPNPmqOHXL0es3bjnMULMEkGAI3HVm8ipiUexMoyE9aeZ5IPC/Wn6gAyKnQMMDiTJ/4/e8ESEr9B1BcBEUYYwZSpagP0R23YK50s9Sxo61oHPWSNiVaGSDObJIzE32664eIj3lM1N9Vd8Cua0F6Bz8w33M1wMoWOwVpotPj4+4kTKdPt4zPdWI+93ZkQNIb88UdYC4Yc9sFmyuyb4g90b4Gct7AvH6AXPigeLBmuZXSLFAuPDlIdlbnQ4pg0BKWdeM80ufsoNY+vJQNVEQ2tCgY1ord4sGK84reaR4NOCPgkVGUDOvGeTK+zGXlN6jPDnXb3RVlIia5tyNHKxCfOYEG2Y8EE750dcO4ArPYOyibwTppo6hsUQ/4+QnrPd8zKqSZFZoYelwZQKXa5E7SWdiDLRVWUV2LmnCjW6oHnSONJHHWl5iCEJyH6w4WL5TZSV+8wdtDylz69zLc+hdd4X4eLFnkjIppgps3RWV9WE0avGRbgT5sGTBqt0T3qIDdx6B8kB5SAsmtmu1/8iXNfwx2zXoVSfLR3y7M+nnCaYJifUawd5i628of4y7fbuuAEFNadyqe7N672cxM5EMFMWSdp9T3H4dL0zeY7ljwvoV6H/yrMnEmI73Buf/DQDBoVn9jlXJxcSihrgAvo3gZvdarIJijgm7LWUl4zafCaia61j5CyIXqgdbG3DcNCzy84zFXBEtPuDSx/7Ni038phPfYrlWeDq/sXpNW3l457+bwKDKOzXRaBmJn5pXruRYgK8MzGUnJjOWZPi1A/jXO/Q8XfoXBnvNG9ML42/PHKzP3n4r4Ve41WgYsqoTtAvPtqpaytFj6W9OVXSz0lqkXvVUARqbjR+JJEogvHNcCXVE6ElG9pkuSLM/wm8mHvCUudqHSScz7RiwMP9o+8ET+LkMNNLp5m89QjbW8Rx4HSklrcx3sd3VrmoTd7PaC98IZAGq9xC0kOb2qxKOv/WyZHCRZUs0q0y5DqcOrizLbU7rFwLNYiYwVXfGX9qeLcPX+Z55uVV8M79j8zWEOByCUcYcOxx41HY+fO5enae/qfdDAlvWkzNX5g0PpZVz1nrzdKrGpdOn9sSSrOGdZb5lIcO5hERmFVz5+B48Bg3EU7yH2sLHaR1Tv8qNfe2nrJmV7X8YGkZUj7RDRbUXEtWJiUgjz78FTbk5aL0s2HyfdbNJxg7hZJmHkMv2+kFb81YJZ3UQMR8ZvXeIWgiOA9mrfy86ulD0ss/JWGCmmFHffVMWmes87XznDtVWGuP3hLaMJTD5rdBxOQQG25QTlehm/UkbiZj659scSjx/ljPy2L9G/eU8mw+nV7yQJSDNZwAq5WWHHhzL1kC3JdsgnS3mV+Tmu3rh9EtnJgiTjRwSNIIW1CuoEw5ANmete5Jriamo0C4hCi6nafFphc99Z6n9teWhut7MHjjO63lstzyCdOTzVRzYtwrBAtLhtqhipq/CYOhlPQibbAeRhoZKlXjlfXCJkScUg+tNJZGyM6txREwPG9qCHJzmQEN9WC46jBY+nJ6U5PUpmajc6CUT84IFuXnZUSvX+ZvShXQrSaPs47e6kwVS6PLkiRyepCAqr3DElMCMGCSqGSIb3DQEJFTEWBBR7z3kO8WSCFjHLKYU+pIGxG+TljzBBMDEwDQYJYIZIAWUDBAIBBQAEIOSmwhKwEMoStlBUaK9ZF0veyAZ/IIJR7jA1fpxZIA0qBAjR8oeL1+RtRwICCAA=",
                "id": "/subscriptions/b96270e2-9178-42ca-91c1-85b59fd3be55/resourceGroups/nginx-app-dev-rg/providers/Microsoft.Network/applicationGateways/dev-appgw/sslCertificates/dev-ssl-cert",
                "key_vault_secret_id": "",
                "name": "dev-ssl-cert",
                "password": "P@ssw0rd123",
                "public_cert_data": "MIIDbAYJKoZIhvcNAQcCoIIDXTCCA1kCAQExADALBgkqhkiG9w0BBwGgggNBMIIDPTCCAiUCFA7BfFOfERzFRj2hxBrG+cWYeXsgMA0GCSqGSIb3DQEBCwUAMFsxCzAJBgNVBAYTAlVTMQ4wDAYDVQQIDAVTdGF0ZTENMAsGA1UEBwwEQ2l0eTEVMBMGA1UECgwMT3JnYW5pemF0aW9uMRYwFAYDVQQDDA0qLmV4YW1wbGUuY29tMB4XDTI1MTAwNzE1NDUzMFoXDTI2MTAwNzE1NDUzMFowWzELMAkGA1UEBhMCVVMxDjAMBgNVBAgMBVN0YXRlMQ0wCwYDVQQHDARDaXR5MRUwEwYDVQQKDAxPcmdhbml6YXRpb24xFjAUBgNVBAMMDSouZXhhbXBsZS5jb20wggEiMA0GCSqGSIb3DQEBAQUAA4IBDwAwggEKAoIBAQCNJrmjL2pN//hC9r6zO7qSpoxWusKrQQDvIWlaLwAKXJ1WmSNmAyoVWkenl+vsNgEatmZ9eubwm29YGmXxyzcMYkquy4hLGPOHe+sB4YyTOLOJukz5+9vrkjgphNUERk+xuImQ52VC+zaFP3sZ2g1H3t2uP6eYcF/asCHw13kUE0pEv8txkvVngv4Q1PQb/R8RcBQr8mq96fwrugHQhFkez5e3B4bSn0RTB1tCSCIhDzhhOcy4N7GNSfM0Ki5jBSZOxn6IYx8kcrfPdMvbBrAttUULwsCKmXoCWr2Elc3YbKgUBs7EX3O6eOdncnS6USB/EB39rXi/am+ptbx0VhXVAgMBAAEwDQYJKoZIhvcNAQELBQADggEBAFoo6rej8zA7RpHdCDAWZbSyZXp/uv2SdMfDZxPjRKTxAC07ibFNbOEJ8EdkdOHvd/ki+1E7RxbhK+acyYRkBUh8x1/b9Tr3ASAGKXXIY6Ai9zWyW7/5Djh0/bGs6uhpZc49VI6QRo1N2esWnH1FYChE2sEoMo0hp/EmYhJHhTWZx7hy/Y9SQjpXIZED/lSooRA0PP6MfFCdsjpQUXRrZU7g60wvvvCLhegh7Wq9Kmdg+S7ML6iSxRhQeoDqpLGhOzbYTuKZLujsyqaXTBIJ8l4ZEfhb5wsI9SILMihNe6UmRazZdRCqHfB7K54mBnDKpyVgNcB1+6xIRD1Zx2IFvPMxAA=="
              }
            ],
            "ssl_policy": [
              {
                "cipher_suites": [],
                "disabled_protocols": [],
                "min_protocol_version": "",
                "policy_name": "AppGwSslPolicy20220101S",
                "policy_type": "Predefined"
              }
            ],
            "ssl_profile": [],
            "tags": {
              "Environment": "dev",
              "ManagedBy": "Terraform"
            },
            "timeouts": null,
            "trusted_client_certificate": [],
            "trusted_root_certificate": [],
            "url_path_map": [],
            "waf_configuration": [],
            "zones": []
          },
          "sensitive_attributes": [
            [
              {
                "type": "get_attr",
                "value": "ssl_certificate"
              }
            ]
          ],
          "private": "eyJlMmJmYjczMC1lY2FhLTExZTYtOGY4OC0zNDM2M2JjN2M0YzAiOnsiY3JlYXRlIjo1NDAwMDAwMDAwMDAwLCJkZWxldGUiOjU0MDAwMDAwMDAwMDAsInJlYWQiOjMwMDAwMDAwMDAwMCwidXBkYXRlIjo1NDAwMDAwMDAwMDAwfX0=",
          "dependencies": [
            "azurerm_resource_group.main",
            "module.compute.azurerm_linux_virtual_machine.main",
            "module.compute.azurerm_network_interface.main",
            "module.loadbalancer.azurerm_public_ip.appgw",
            "module.loadbalancer.random_string.dns_suffix",
            "module.networking.azurerm_nat_gateway.main",
            "module.networking.azurerm_nat_gateway_public_ip_association.main",
            "module.networking.azurerm_network_security_group.main",
            "module.networking.azurerm_public_ip.nat",
            "module.networking.azurerm_subnet.private",
            "module.networking.azurerm_subnet.public",
            "module.networking.azurerm_subnet_nat_gateway_association.main",
            "module.networking.azurerm_subnet_network_security_group_association.private",
            "module.networking.azurerm_virtual_network.main"
          ]
        }
      ]
    },
    {
      "module": "module.loadbalancer[0]",
      "mode": "managed",
      "type": "azurerm_public_ip",
      "name": "appgw",
      "provider": "provider[\"registry.terraform.io/hashicorp/azurerm\"]",
      "instances": [
        {
          "schema_version": 0,
          "attributes": {
            "allocation_method": "Static",
            "ddos_protection_mode": "VirtualNetworkInherited",
            "ddos_protection_plan_id": null,
            "domain_name_label": "dev-nginx-t4n16qx7",
            "edge_zone": "",
            "fqdn": "dev-nginx-t4n16qx7.eastus.cloudapp.azure.com",
            "id": "/subscriptions/b96270e2-9178-42ca-91c1-85b59fd3be55/resourceGroups/nginx-app-dev-rg/providers/Microsoft.Network/publicIPAddresses/dev-appgw-pip",
            "idle_timeout_in_minutes": 4,
            "ip_address": "172.191.128.89",
            "ip_tags": {},
            "ip_version": "IPv4",
            "location": "eastus",
            "name": "dev-appgw-pip",
            "public_ip_prefix_id": null,
            "resource_group_name": "nginx-app-dev-rg",
            "reverse_fqdn": "",
            "sku": "Standard",
            "sku_tier": "Regional",
            "tags": {
              "Environment": "dev",
              "ManagedBy": "Terraform"
            },
            "timeouts": null,
            "zones": []
          },
          "sensitive_attributes": [],
          "private": "eyJlMmJmYjczMC1lY2FhLTExZTYtOGY4OC0zNDM2M2JjN2M0YzAiOnsiY3JlYXRlIjoxODAwMDAwMDAwMDAwLCJkZWxldGUiOjE4MDAwMDAwMDAwMDAsInJlYWQiOjMwMDAwMDAwMDAwMCwidXBkYXRlIjoxODAwMDAwMDAwMDAwfX0=",
          "dependencies": [
            "azurerm_resource_group.main",
            "module.compute.azurerm_linux_virtual_machine.main",
            "module.compute.azurerm_network_interface.main",
            "module.loadbalancer.random_string.dns_suffix",
            "module.networking.azurerm_nat_gateway.main",
            "module.networking.azurerm_nat_gateway_public_ip_association.main",
            "module.networking.azurerm_network_security_group.main",
            "module.networking.azurerm_public_ip.nat",
            "module.networking.azurerm_subnet.private",
            "module.networking.azurerm_subnet.public",
            "module.networking.azurerm_subnet_nat_gateway_association.main",
            "module.networking.azurerm_subnet_network_security_group_association.private",
            "module.networking.azurerm_virtual_network.main"
          ]
        }
      ]
    },
    {
      "module": "module.loadbalancer[0]",
      "mode": "managed",
      "type": "random_string",
      "name": "dns_suffix",
      "provider": "provider[\"registry.terraform.io/hashicorp/random\"]",
      "instances": [
        {
          "schema_version": 2,
          "attributes": {
            "id": "t4n16qx7",
            "keepers": null,
            "length": 8,
            "lower": true,
            "min_lower": 0,
            "min_numeric": 0,
            "min_special": 0,
            "min_upper": 0,
            "number": true,
            "numeric": true,
            "override_special": null,
            "result": "t4n16qx7",
            "special": false,
            "upper": false
          },
          "sensitive_attributes": [],
          "dependencies": [
            "azurerm_resource_group.main",
            "module.compute.azurerm_linux_virtual_machine.main",
            "module.compute.azurerm_network_interface.main",
            "module.networking.azurerm_nat_gateway.main",
            "module.networking.azurerm_nat_gateway_public_ip_association.main",
            "module.networking.azurerm_network_security_group.main",
            "module.networking.azurerm_public_ip.nat",
            "module.networking.azurerm_subnet.private",
            "module.networking.azurerm_subnet.public",
            "module.networking.azurerm_subnet_nat_gateway_association.main",
            "module.networking.azurerm_subnet_network_security_group_association.private",
            "module.networking.azurerm_virtual_network.main"
          ]
        }
      ]
    },
    {
      "module": "module.networking[0]",
      "mode": "managed",
      "type": "azurerm_nat_gateway",
      "name": "main",
      "provider": "provider[\"registry.terraform.io/hashicorp/azurerm\"]",
      "instances": [
        {
          "schema_version": 0,
          "attributes": {
            "id": "/subscriptions/b96270e2-9178-42ca-91c1-85b59fd3be55/resourceGroups/nginx-app-dev-rg/providers/Microsoft.Network/natGateways/dev-nat-gateway",
            "idle_timeout_in_minutes": 4,
            "location": "eastus",
            "name": "dev-nat-gateway",
            "resource_group_name": "nginx-app-dev-rg",
            "resource_guid": "f2a0ff36-3b93-4acb-94cc-917a3eea8e99",
            "sku_name": "Standard",
            "tags": {
              "Environment": "dev",
              "ManagedBy": "Terraform"
            },
            "timeouts": null,
            "zones": []
          },
          "sensitive_attributes": [],
          "private": "eyJlMmJmYjczMC1lY2FhLTExZTYtOGY4OC0zNDM2M2JjN2M0YzAiOnsiY3JlYXRlIjozNjAwMDAwMDAwMDAwLCJkZWxldGUiOjM2MDAwMDAwMDAwMDAsInJlYWQiOjMwMDAwMDAwMDAwMCwidXBkYXRlIjozNjAwMDAwMDAwMDAwfX0=",
          "dependencies": [
            "azurerm_resource_group.main"
          ]
        }
      ]
    },
    {
      "module": "module.networking[0]",
      "mode": "managed",
      "type": "azurerm_nat_gateway_public_ip_association",
      "name": "main",
      "provider": "provider[\"registry.terraform.io/hashicorp/azurerm\"]",
      "instances": [
        {
          "schema_version": 0,
          "attributes": {
            "id": "/subscriptions/b96270e2-9178-42ca-91c1-85b59fd3be55/resourceGroups/nginx-app-dev-rg/providers/Microsoft.Network/natGateways/dev-nat-gateway|/subscriptions/b96270e2-9178-42ca-91c1-85b59fd3be55/resourceGroups/nginx-app-dev-rg/providers/Microsoft.Network/publicIPAddresses/dev-nat-pip",
            "nat_gateway_id": "/subscriptions/b96270e2-9178-42ca-91c1-85b59fd3be55/resourceGroups/nginx-app-dev-rg/providers/Microsoft.Network/natGateways/dev-nat-gateway",
            "public_ip_address_id": "/subscriptions/b96270e2-9178-42ca-91c1-85b59fd3be55/resourceGroups/nginx-app-dev-rg/providers/Microsoft.Network/publicIPAddresses/dev-nat-pip",
            "timeouts": null
          },
          "sensitive_attributes": [],
          "private": "eyJlMmJmYjczMC1lY2FhLTExZTYtOGY4OC0zNDM2M2JjN2M0YzAiOnsiY3JlYXRlIjoxODAwMDAwMDAwMDAwLCJkZWxldGUiOjE4MDAwMDAwMDAwMDAsInJlYWQiOjMwMDAwMDAwMDAwMH19",
          "dependencies": [
            "azurerm_resource_group.main",
            "module.networking.azurerm_nat_gateway.main",
            "module.networking.azurerm_public_ip.nat"
          ]
        }
      ]
    },
    {
      "module": "module.networking[0]",
      "mode": "managed",
      "type": "azurerm_network_security_group",
      "name": "main",
      "provider": "provider[\"registry.terraform.io/hashicorp/azurerm\"]",
      "instances": [
        {
          "schema_version": 0,
          "attributes": {
            "id": "/subscriptions/b96270e2-9178-42ca-91c1-85b59fd3be55/resourceGroups/nginx-app-dev-rg/providers/Microsoft.Network/networkSecurityGroups/dev-nsg",
            "location": "eastus",
            "name": "dev-nsg",
            "resource_group_name": "nginx-app-dev-rg",
            "security_rule": [
              {
                "access": "Allow",
                "description": "",
                "destination_address_prefix": "*",
                "destination_address_prefixes": [],
                "destination_application_security_group_ids": [],
                "destination_port_range": "22",
                "destination_port_ranges": [],
                "direction": "Inbound",
                "name": "Allow-SSH",
                "priority": 1001,
                "protocol": "Tcp",
                "source_address_prefix": "*",
                "source_address_prefixes": [],
                "source_application_security_group_ids": [],
                "source_port_range": "*",
                "source_port_ranges": []
              },
              {
                "access": "Allow",
                "description": "",
                "destination_address_prefix": "*",
                "destination_address_prefixes": [],
                "destination_application_security_group_ids": [],
                "destination_port_range": "443",
                "destination_port_ranges": [],
                "direction": "Inbound",
                "name": "Allow-HTTPS",
                "priority": 1003,
                "protocol": "Tcp",
                "source_address_prefix": "*",
                "source_address_prefixes": [],
                "source_application_security_group_ids": [],
                "source_port_range": "*",
                "source_port_ranges": []
              },
              {
                "access": "Allow",
                "description": "",
                "destination_address_prefix": "*",
                "destination_address_prefixes": [],
                "destination_application_security_group_ids": [],
                "destination_port_range": "80",
                "destination_port_ranges": [],
                "direction": "Inbound",
                "name": "Allow-HTTP",
                "priority": 1002,
                "protocol": "Tcp",
                "source_address_prefix": "*",
                "source_address_prefixes": [],
                "source_application_security_group_ids": [],
                "source_port_range": "*",
                "source_port_ranges": []
              }
            ],
            "tags": {
              "Environment": "dev",
              "ManagedBy": "Terraform"
            },
            "timeouts": null
          },
          "sensitive_attributes": [],
          "private": "eyJlMmJmYjczMC1lY2FhLTExZTYtOGY4OC0zNDM2M2JjN2M0YzAiOnsiY3JlYXRlIjoxODAwMDAwMDAwMDAwLCJkZWxldGUiOjE4MDAwMDAwMDAwMDAsInJlYWQiOjMwMDAwMDAwMDAwMCwidXBkYXRlIjoxODAwMDAwMDAwMDAwfX0=",
          "dependencies": [
            "azurerm_resource_group.main"
          ]
        }
      ]
    },
    {
      "module": "module.networking[0]",
      "mode": "managed",
      "type": "azurerm_public_ip",
      "name": "nat",
      "provider": "provider[\"registry.terraform.io/hashicorp/azurerm\"]",
      "instances": [
        {
          "schema_version": 0,
          "attributes": {
            "allocation_method": "Static",
            "ddos_protection_mode": "VirtualNetworkInherited",
            "ddos_protection_plan_id": null,
            "domain_name_label": null,
            "edge_zone": "",
            "fqdn": null,
            "id": "/subscriptions/b96270e2-9178-42ca-91c1-85b59fd3be55/resourceGroups/nginx-app-dev-rg/providers/Microsoft.Network/publicIPAddresses/dev-nat-pip",
            "idle_timeout_in_minutes": 4,
            "ip_address": "172.173.147.150",
            "ip_tags": {},
            "ip_version": "IPv4",
            "location": "eastus",
            "name": "dev-nat-pip",
            "public_ip_prefix_id": null,
            "resource_group_name": "nginx-app-dev-rg",
            "reverse_fqdn": null,
            "sku": "Standard",
            "sku_tier": "Regional",
            "tags": {
              "Environment": "dev",
              "ManagedBy": "Terraform"
            },
            "timeouts": null,
            "zones": []
          },
          "sensitive_attributes": [],
          "private": "eyJlMmJmYjczMC1lY2FhLTExZTYtOGY4OC0zNDM2M2JjN2M0YzAiOnsiY3JlYXRlIjoxODAwMDAwMDAwMDAwLCJkZWxldGUiOjE4MDAwMDAwMDAwMDAsInJlYWQiOjMwMDAwMDAwMDAwMCwidXBkYXRlIjoxODAwMDAwMDAwMDAwfX0=",
          "dependencies": [
            "azurerm_resource_group.main"
          ]
        }
      ]
    },
    {
      "module": "module.networking[0]",
      "mode": "managed",
      "type": "azurerm_subnet",
      "name": "private",
      "provider": "provider[\"registry.terraform.io/hashicorp/azurerm\"]",
      "instances": [
        {
          "schema_version": 0,
          "attributes": {
            "address_prefixes": [
              "10.0.2.0/24"
            ],
            "default_outbound_access_enabled": true,
            "delegation": [],
            "enforce_private_link_endpoint_network_policies": false,
            "enforce_private_link_service_network_policies": false,
            "id": "/subscriptions/b96270e2-9178-42ca-91c1-85b59fd3be55/resourceGroups/nginx-app-dev-rg/providers/Microsoft.Network/virtualNetworks/dev-vnet/subnets/dev-private-subnet",
            "name": "dev-private-subnet",
            "private_endpoint_network_policies": "Enabled",
            "private_endpoint_network_policies_enabled": true,
            "private_link_service_network_policies_enabled": true,
            "resource_group_name": "nginx-app-dev-rg",
            "service_endpoint_policy_ids": [],
            "service_endpoints": [],
            "timeouts": null,
            "virtual_network_name": "dev-vnet"
          },
          "sensitive_attributes": [],
          "private": "eyJlMmJmYjczMC1lY2FhLTExZTYtOGY4OC0zNDM2M2JjN2M0YzAiOnsiY3JlYXRlIjoxODAwMDAwMDAwMDAwLCJkZWxldGUiOjE4MDAwMDAwMDAwMDAsInJlYWQiOjMwMDAwMDAwMDAwMCwidXBkYXRlIjoxODAwMDAwMDAwMDAwfX0=",
          "dependencies": [
            "azurerm_resource_group.main",
            "module.networking.azurerm_virtual_network.main"
          ]
        }
      ]
    },
    {
      "module": "module.networking[0]",
      "mode": "managed",
      "type": "azurerm_subnet",
      "name": "public",
      "provider": "provider[\"registry.terraform.io/hashicorp/azurerm\"]",
      "instances": [
        {
          "schema_version": 0,
          "attributes": {
            "address_prefixes": [
              "10.0.1.0/24"
            ],
            "default_outbound_access_enabled": true,
            "delegation": [],
            "enforce_private_link_endpoint_network_policies": false,
            "enforce_private_link_service_network_policies": false,
            "id": "/subscriptions/b96270e2-9178-42ca-91c1-85b59fd3be55/resourceGroups/nginx-app-dev-rg/providers/Microsoft.Network/virtualNetworks/dev-vnet/subnets/dev-public-subnet",
            "name": "dev-public-subnet",
            "private_endpoint_network_policies": "Enabled",
            "private_endpoint_network_policies_enabled": true,
            "private_link_service_network_policies_enabled": true,
            "resource_group_name": "nginx-app-dev-rg",
            "service_endpoint_policy_ids": [],
            "service_endpoints": [],
            "timeouts": null,
            "virtual_network_name": "dev-vnet"
          },
          "sensitive_attributes": [],
          "private": "eyJlMmJmYjczMC1lY2FhLTExZTYtOGY4OC0zNDM2M2JjN2M0YzAiOnsiY3JlYXRlIjoxODAwMDAwMDAwMDAwLCJkZWxldGUiOjE4MDAwMDAwMDAwMDAsInJlYWQiOjMwMDAwMDAwMDAwMCwidXBkYXRlIjoxODAwMDAwMDAwMDAwfX0=",
          "dependencies": [
            "azurerm_resource_group.main",
            "module.networking.azurerm_virtual_network.main"
          ]
        }
      ]
    },
    {
      "module": "module.networking[0]",
      "mode": "managed",
      "type": "azurerm_subnet_nat_gateway_association",
      "name": "main",
      "provider": "provider[\"registry.terraform.io/hashicorp/azurerm\"]",
      "instances": [
        {
          "schema_version": 0,
          "attributes": {
            "id": "/subscriptions/b96270e2-9178-42ca-91c1-85b59fd3be55/resourceGroups/nginx-app-dev-rg/providers/Microsoft.Network/virtualNetworks/dev-vnet/subnets/dev-private-subnet",
            "nat_gateway_id": "/subscriptions/b96270e2-9178-42ca-91c1-85b59fd3be55/resourceGroups/nginx-app-dev-rg/providers/Microsoft.Network/natGateways/dev-nat-gateway",
            "subnet_id": "/subscriptions/b96270e2-9178-42ca-91c1-85b59fd3be55/resourceGroups/nginx-app-dev-rg/providers/Microsoft.Network/virtualNetworks/dev-vnet/subnets/dev-private-subnet",
            "timeouts": null
          },
          "sensitive_attributes": [],
          "private": "eyJlMmJmYjczMC1lY2FhLTExZTYtOGY4OC0zNDM2M2JjN2M0YzAiOnsiY3JlYXRlIjoxODAwMDAwMDAwMDAwLCJkZWxldGUiOjE4MDAwMDAwMDAwMDAsInJlYWQiOjMwMDAwMDAwMDAwMH19",
          "dependencies": [
            "azurerm_resource_group.main",
            "module.networking.azurerm_nat_gateway.main",
            "module.networking.azurerm_subnet.private",
            "module.networking.azurerm_virtual_network.main"
          ]
        }
      ]
    },
    {
      "module": "module.networking[0]",
      "mode": "managed",
      "type": "azurerm_subnet_network_security_group_association",
      "name": "private",
      "provider": "provider[\"registry.terraform.io/hashicorp/azurerm\"]",
      "instances": [
        {
          "schema_version": 0,
          "attributes": {
            "id": "/subscriptions/b96270e2-9178-42ca-91c1-85b59fd3be55/resourceGroups/nginx-app-dev-rg/providers/Microsoft.Network/virtualNetworks/dev-vnet/subnets/dev-private-subnet",
            "network_security_group_id": "/subscriptions/b96270e2-9178-42ca-91c1-85b59fd3be55/resourceGroups/nginx-app-dev-rg/providers/Microsoft.Network/networkSecurityGroups/dev-nsg",
            "subnet_id": "/subscriptions/b96270e2-9178-42ca-91c1-85b59fd3be55/resourceGroups/nginx-app-dev-rg/providers/Microsoft.Network/virtualNetworks/dev-vnet/subnets/dev-private-subnet",
            "timeouts": null
          },
          "sensitive_attributes": [],
          "private": "eyJlMmJmYjczMC1lY2FhLTExZTYtOGY4OC0zNDM2M2JjN2M0YzAiOnsiY3JlYXRlIjoxODAwMDAwMDAwMDAwLCJkZWxldGUiOjE4MDAwMDAwMDAwMDAsInJlYWQiOjMwMDAwMDAwMDAwMH19",
          "dependencies": [
            "azurerm_resource_group.main",
            "module.networking.azurerm_network_security_group.main",
            "module.networking.azurerm_subnet.private",
            "module.networking.azurerm_virtual_network.main"
          ]
        }
      ]
    },
    {
      "module": "module.networking[0]",
      "mode": "managed",
      "type": "azurerm_virtual_network",
      "name": "main",
      "provider": "provider[\"registry.terraform.io/hashicorp/azurerm\"]",
      "instances": [
        {
          "schema_version": 0,
          "attributes": {
            "address_space": [
              "10.0.0.0/16"
            ],
            "bgp_community": "",
            "ddos_protection_plan": [],
            "dns_servers": [],
            "edge_zone": "",
            "encryption": [],
            "flow_timeout_in_minutes": 0,
            "guid": "08c927c5-1477-4741-b1f0-8f5d621c1c8d",
            "id": "/subscriptions/b96270e2-9178-42ca-91c1-85b59fd3be55/resourceGroups/nginx-app-dev-rg/providers/Microsoft.Network/virtualNetworks/dev-vnet",
            "location": "eastus",
            "name": "dev-vnet",
            "resource_group_name": "nginx-app-dev-rg",
            "subnet": [
              {
                "address_prefix": "10.0.1.0/24",
                "id": "/subscriptions/b96270e2-9178-42ca-91c1-85b59fd3be55/resourceGroups/nginx-app-dev-rg/providers/Microsoft.Network/virtualNetworks/dev-vnet/subnets/dev-public-subnet",
                "name": "dev-public-subnet",
                "security_group": ""
              },
              {
                "address_prefix": "10.0.2.0/24",
                "id": "/subscriptions/b96270e2-9178-42ca-91c1-85b59fd3be55/resourceGroups/nginx-app-dev-rg/providers/Microsoft.Network/virtualNetworks/dev-vnet/subnets/dev-private-subnet",
                "name": "dev-private-subnet",
                "security_group": "/subscriptions/b96270e2-9178-42ca-91c1-85b59fd3be55/resourceGroups/nginx-app-dev-rg/providers/Microsoft.Network/networkSecurityGroups/dev-nsg"
              }
            ],
            "tags": {
              "Environment": "dev",
              "ManagedBy": "Terraform"
            },
            "timeouts": null
          },
          "sensitive_attributes": [],
          "private": "eyJlMmJmYjczMC1lY2FhLTExZTYtOGY4OC0zNDM2M2JjN2M0YzAiOnsiY3JlYXRlIjoxODAwMDAwMDAwMDAwLCJkZWxldGUiOjE4MDAwMDAwMDAwMDAsInJlYWQiOjMwMDAwMDAwMDAwMCwidXBkYXRlIjoxODAwMDAwMDAwMDAwfX0=",
          "dependencies": [
            "azurerm_resource_group.main"
          ]
        }
      ]
    }
  ],
  "check_results": null
}
